
Microsoft Visual Studio Solution File, Format Version 11.00
# Visual Studio 2010
# SharpDevelop 4.4
Project("{FAE04EC0-301F-11D3-BF4B-00C04F79EFBC}") = "Belajar02", "Belajar02\Belajar02.csproj", "{3DC6EC26-621B-46A0-807D-E838E789445C}"
EndProject
Global
	GlobalSection(SolutionConfigurationPlatforms) = preSolution
		Debug|Any CPU = Debug|Any CPU
		Release|Any CPU = Release|Any CPU
	EndGlobalSection
	GlobalSection(ProjectConfigurationPlatforms) = postSolution
		{3DC6EC26-621B-46A0-807D-E838E789445C}.Debug|Any CPU.Build.0 = Debug|Any CPU
		{3DC6EC26-621B-46A0-807D-E838E789445C}.Debug|Any CPU.ActiveCfg = Debug|Any CPU
		{3DC6EC26-621B-46A0-807D-E838E789445C}.Release|Any CPU.Build.0 = Release|Any CPU
		{3DC6EC26-621B-46A0-807D-E838E789445C}.Release|Any CPU.ActiveCfg = Release|Any CPU
	EndGlobalSection
EndGlobal
